
Microsoft Visual Studio Solution File, Format Version 12.00
# Visual Studio Version 17
VisualStudioVersion = 17.0.31919.166
MinimumVisualStudioVersion = 10.0.40219.1
Project("{FAE04EC0-301F-11D3-BF4B-00C04F79EFBC}") = "Alura.LeilaoOnline", "Alura.LeilaoOnline\Alura.LeilaoOnline.csproj", "{C10402C1-C564-4100-A727-CE702B2AA3E2}"
EndProject
Project("{2150E333-8FDC-42A3-9474-1A3956D46DE8}") = "Testes", "Testes", "{DCB6EC6B-669B-4C77-BE6C-AFC4E548B8E5}"
EndProject
Project("{2150E333-8FDC-42A3-9474-1A3956D46DE8}") = "src", "src", "{CA176837-F866-4AF2-9EE7-5496C17DC471}"
EndProject
Project("{FAE04EC0-301F-11D3-BF4B-00C04F79EFBC}") = "Alura.LeilaoOnline.ConsoleApp", "Alura.LeilaoOnline.ConsoleApp\Alura.LeilaoOnline.ConsoleApp.csproj", "{0DFA566B-C047-449D-9DA0-FF13A54F25F5}"
EndProject
Project("{FAE04EC0-301F-11D3-BF4B-00C04F79EFBC}") = "Alura.LeiaoOnline.Tests", "Alura.LeiaoOnline.Tests\Alura.LeiaoOnline.Tests.csproj", "{D2378160-D6AD-43FE-BC2F-504B2B5F22A5}"
EndProject
Global
	GlobalSection(SolutionConfigurationPlatforms) = preSolution
		Debug|Any CPU = Debug|Any CPU
		Release|Any CPU = Release|Any CPU
	EndGlobalSection
	GlobalSection(ProjectConfigurationPlatforms) = postSolution
		{C10402C1-C564-4100-A727-CE702B2AA3E2}.Debug|Any CPU.ActiveCfg = Debug|Any CPU
		{C10402C1-C564-4100-A727-CE702B2AA3E2}.Debug|Any CPU.Build.0 = Debug|Any CPU
		{C10402C1-C564-4100-A727-CE702B2AA3E2}.Release|Any CPU.ActiveCfg = Release|Any CPU
		{C10402C1-C564-4100-A727-CE702B2AA3E2}.Release|Any CPU.Build.0 = Release|Any CPU
		{0DFA566B-C047-449D-9DA0-FF13A54F25F5}.Debug|Any CPU.ActiveCfg = Debug|Any CPU
		{0DFA566B-C047-449D-9DA0-FF13A54F25F5}.Debug|Any CPU.Build.0 = Debug|Any CPU
		{0DFA566B-C047-449D-9DA0-FF13A54F25F5}.Release|Any CPU.ActiveCfg = Release|Any CPU
		{0DFA566B-C047-449D-9DA0-FF13A54F25F5}.Release|Any CPU.Build.0 = Release|Any CPU
		{D2378160-D6AD-43FE-BC2F-504B2B5F22A5}.Debug|Any CPU.ActiveCfg = Debug|Any CPU
		{D2378160-D6AD-43FE-BC2F-504B2B5F22A5}.Debug|Any CPU.Build.0 = Debug|Any CPU
		{D2378160-D6AD-43FE-BC2F-504B2B5F22A5}.Release|Any CPU.ActiveCfg = Release|Any CPU
		{D2378160-D6AD-43FE-BC2F-504B2B5F22A5}.Release|Any CPU.Build.0 = Release|Any CPU
	EndGlobalSection
	GlobalSection(SolutionProperties) = preSolution
		HideSolutionNode = FALSE
	EndGlobalSection
	GlobalSection(NestedProjects) = preSolution
		{C10402C1-C564-4100-A727-CE702B2AA3E2} = {CA176837-F866-4AF2-9EE7-5496C17DC471}
		{0DFA566B-C047-449D-9DA0-FF13A54F25F5} = {DCB6EC6B-669B-4C77-BE6C-AFC4E548B8E5}
		{D2378160-D6AD-43FE-BC2F-504B2B5F22A5} = {DCB6EC6B-669B-4C77-BE6C-AFC4E548B8E5}
	EndGlobalSection
	GlobalSection(ExtensibilityGlobals) = postSolution
		SolutionGuid = {36B1094D-7082-46D8-BBE4-E20989C4AFC7}
	EndGlobalSection
EndGlobal
